
Microsoft Visual Studio Solution File, Format Version 12.00
Project("{FAE04EC0-301F-11D3-BF4B-00C04F79EFBC}") = "ESII", "ESII\ESII.csproj", "{FD69BF2F-53DA-4862-BFA4-B820C79C8063}"
EndProject
Global
	GlobalSection(SolutionConfigurationPlatforms) = preSolution
		Debug|Any CPU = Debug|Any CPU
		Release|Any CPU = Release|Any CPU
	EndGlobalSection
	GlobalSection(ProjectConfigurationPlatforms) = postSolution
		{FD69BF2F-53DA-4862-BFA4-B820C79C8063}.Debug|Any CPU.ActiveCfg = Debug|Any CPU
		{FD69BF2F-53DA-4862-BFA4-B820C79C8063}.Debug|Any CPU.Build.0 = Debug|Any CPU
		{FD69BF2F-53DA-4862-BFA4-B820C79C8063}.Release|Any CPU.ActiveCfg = Release|Any CPU
		{FD69BF2F-53DA-4862-BFA4-B820C79C8063}.Release|Any CPU.Build.0 = Release|Any CPU
	EndGlobalSection
EndGlobal
